
Microsoft Visual Studio Solution File, Format Version 12.00
# Visual Studio 15
Project("{FAE04EC0-301F-11D3-BF4B-00C04F79EFBC}") = "Assembly-CSharp", "Assembly-CSharp.csproj", "{9F3CA921-46A2-33E1-360D-F9CB27C2A38C}"
EndProject
Project("{FAE04EC0-301F-11D3-BF4B-00C04F79EFBC}") = "Assembly-CSharp-Editor", "Assembly-CSharp-Editor.csproj", "{5EFB5F82-EC04-2778-ACA1-6F76CB5FFE91}"
EndProject
Global
	GlobalSection(SolutionConfigurationPlatforms) = preSolution
		Debug|Any CPU = Debug|Any CPU
		Release|Any CPU = Release|Any CPU
	EndGlobalSection
	GlobalSection(ProjectConfigurationPlatforms) = postSolution
		{9F3CA921-46A2-33E1-360D-F9CB27C2A38C}.Debug|Any CPU.ActiveCfg = Debug|Any CPU
		{9F3CA921-46A2-33E1-360D-F9CB27C2A38C}.Debug|Any CPU.Build.0 = Debug|Any CPU
		{9F3CA921-46A2-33E1-360D-F9CB27C2A38C}.Release|Any CPU.ActiveCfg = Release|Any CPU
		{9F3CA921-46A2-33E1-360D-F9CB27C2A38C}.Release|Any CPU.Build.0 = Release|Any CPU
		{5EFB5F82-EC04-2778-ACA1-6F76CB5FFE91}.Debug|Any CPU.ActiveCfg = Debug|Any CPU
		{5EFB5F82-EC04-2778-ACA1-6F76CB5FFE91}.Debug|Any CPU.Build.0 = Debug|Any CPU
		{5EFB5F82-EC04-2778-ACA1-6F76CB5FFE91}.Release|Any CPU.ActiveCfg = Release|Any CPU
		{5EFB5F82-EC04-2778-ACA1-6F76CB5FFE91}.Release|Any CPU.Build.0 = Release|Any CPU
	EndGlobalSection
	GlobalSection(SolutionProperties) = preSolution
		HideSolutionNode = FALSE
	EndGlobalSection
EndGlobal
